// !$*UTF8*$!
{
	archiveVersion = 1;
	classes = {
	};
	objectVersion = 48;
	objects = {

/* Begin PBXBuildFile section */
		49C0E3A120128846008281D4 /* AppDelegate.swift in Sources */ = {isa = PBXBuildFile; fileRef = 49C0E3A020128846008281D4 /* AppDelegate.swift */; };
		49C0E3A320128846008281D4 /* ViewController.swift in Sources */ = {isa = PBXBuildFile; fileRef = 49C0E3A220128846008281D4 /* ViewController.swift */; };
		49C0E3A620128846008281D4 /* Main.storyboard in Resources */ = {isa = PBXBuildFile; fileRef = 49C0E3A420128846008281D4 /* Main.storyboard */; };
		49C0E3A920128846008281D4 /* Gomoku.xcdatamodeld in Sources */ = {isa = PBXBuildFile; fileRef = 49C0E3A720128846008281D4 /* Gomoku.xcdatamodeld */; };
		49C0E3AB20128846008281D4 /* Assets.xcassets in Resources */ = {isa = PBXBuildFile; fileRef = 49C0E3AA20128846008281D4 /* Assets.xcassets */; };
		49C0E3AE20128846008281D4 /* LaunchScreen.storyboard in Resources */ = {isa = PBXBuildFile; fileRef = 49C0E3AC20128846008281D4 /* LaunchScreen.storyboard */; };
		49C0E3B920128846008281D4 /* GomokuTests.swift in Sources */ = {isa = PBXBuildFile; fileRef = 49C0E3B820128846008281D4 /* GomokuTests.swift */; };
		49C0E3C420128846008281D4 /* GomokuUITests.swift in Sources */ = {isa = PBXBuildFile; fileRef = 49C0E3C320128846008281D4 /* GomokuUITests.swift */; };
/* End PBXBuildFile section */

/* Begin PBXContainerItemProxy section */
		49C0E3B520128846008281D4 /* PBXContainerItemProxy */ = {
			isa = PBXContainerItemProxy;
			containerPortal = 49C0E39520128846008281D4 /* Project object */;
			proxyType = 1;
			remoteGlobalIDString = 49C0E39C20128846008281D4;
			remoteInfo = Gomoku;
		};
		49C0E3C020128846008281D4 /* PBXContainerItemProxy */ = {
			isa = PBXContainerItemProxy;
			containerPortal = 49C0E39520128846008281D4 /* Project object */;
			proxyType = 1;
			remoteGlobalIDString = 49C0E39C20128846008281D4;
			remoteInfo = Gomoku;
		};
/* End PBXContainerItemProxy section */

/* Begin PBXFileReference section */
		49C0E39D20128846008281D4 /* Gomoku.app */ = {isa = PBXFileReference; explicitFileType = wrapper.application; includeInIndex = 0; path = Gomoku.app; sourceTree = BUILT_PRODUCTS_DIR; };
		49C0E3A020128846008281D4 /* AppDelegate.swift */ = {isa = PBXFileReference; lastKnownFileType = sourcecode.swift; path = AppDelegate.swift; sourceTree = "<group>"; };
		49C0E3A220128846008281D4 /* ViewController.swift */ = {isa = PBXFileReference; lastKnownFileType = sourcecode.swift; path = ViewController.swift; sourceTree = "<group>"; };
		49C0E3A520128846008281D4 /* Base */ = {isa = PBXFileReference; lastKnownFileType = file.storyboard; name = Base; path = Base.lproj/Main.storyboard; sourceTree = "<group>"; };
		49C0E3A820128846008281D4 /* Gomoku.xcdatamodel */ = {isa = PBXFileReference; lastKnownFileType = wrapper.xcdatamodel; path = Gomoku.xcdatamodel; sourceTree = "<group>"; };
		49C0E3AA20128846008281D4 /* Assets.xcassets */ = {isa = PBXFileReference; lastKnownFileType = folder.assetcatalog; path = Assets.xcassets; sourceTree = "<group>"; };
		49C0E3AD20128846008281D4 /* Base */ = {isa = PBXFileReference; lastKnownFileType = file.storyboard; name = Base; path = Base.lproj/LaunchScreen.storyboard; sourceTree = "<group>"; };
		49C0E3AF20128846008281D4 /* Info.plist */ = {isa = PBXFileReference; lastKnownFileType = text.plist.xml; path = Info.plist; sourceTree = "<group>"; };
		49C0E3B420128846008281D4 /* GomokuTests.xctest */ = {isa = PBXFileReference; explicitFileType = wrapper.cfbundle; includeInIndex = 0; path = GomokuTests.xctest; sourceTree = BUILT_PRODUCTS_DIR; };
		49C0E3B820128846008281D4 /* GomokuTests.swift */ = {isa = PBXFileReference; lastKnownFileType = sourcecode.swift; path = GomokuTests.swift; sourceTree = "<group>"; };
		49C0E3BA20128846008281D4 /* Info.plist */ = {isa = PBXFileReference; lastKnownFileType = text.plist.xml; path = Info.plist; sourceTree = "<group>"; };
		49C0E3BF20128846008281D4 /* GomokuUITests.xctest */ = {isa = PBXFileReference; explicitFileType = wrapper.cfbundle; includeInIndex = 0; path = GomokuUITests.xctest; sourceTree = BUILT_PRODUCTS_DIR; };
		49C0E3C320128846008281D4 /* GomokuUITests.swift */ = {isa = PBXFileReference; lastKnownFileType = sourcecode.swift; path = GomokuUITests.swift; sourceTree = "<group>"; };
		49C0E3C520128846008281D4 /* Info.plist */ = {isa = PBXFileReference; lastKnownFileType = text.plist.xml; path = Info.plist; sourceTree = "<group>"; };
/* End PBXFileReference section */

/* Begin PBXFrameworksBuildPhase section */
		49C0E39A20128846008281D4 /* Frameworks */ = {
			isa = PBXFrameworksBuildPhase;
			buildActionMask = 2147483647;
			files = (
			);
			runOnlyForDeploymentPostprocessing = 0;
		};
		49C0E3B120128846008281D4 /* Frameworks */ = {
			isa = PBXFrameworksBuildPhase;
			buildActionMask = 2147483647;
			files = (
			);
			runOnlyForDeploymentPostprocessing = 0;
		};
		49C0E3BC20128846008281D4 /* Frameworks */ = {
			isa = PBXFrameworksBuildPhase;
			buildActionMask = 2147483647;
			files = (
			);
			runOnlyForDeploymentPostprocessing = 0;
		};
/* End PBXFrameworksBuildPhase section */

/* Begin PBXGroup section */
		49C0E39420128846008281D4 = {
			isa = PBXGroup;
			children = (
				49C0E39F20128846008281D4 /* Gomoku */,
				49C0E3B720128846008281D4 /* GomokuTests */,
				49C0E3C220128846008281D4 /* GomokuUITests */,
				49C0E39E20128846008281D4 /* Products */,
			);
			sourceTree = "<group>";
		};
		49C0E39E20128846008281D4 /* Products */ = {
			isa = PBXGroup;
			children = (
				49C0E39D20128846008281D4 /* Gomoku.app */,
				49C0E3B420128846008281D4 /* GomokuTests.xctest */,
				49C0E3BF20128846008281D4 /* GomokuUITests.xctest */,
			);
			name = Products;
			sourceTree = "<group>";
		};
		49C0E39F20128846008281D4 /* Gomoku */ = {
			isa = PBXGroup;
			children = (
				49C0E3A020128846008281D4 /* AppDelegate.swift */,
				49C0E3A220128846008281D4 /* ViewController.swift */,
				49C0E3A420128846008281D4 /* Main.storyboard */,
				49C0E3AA20128846008281D4 /* Assets.xcassets */,
				49C0E3AC20128846008281D4 /* LaunchScreen.storyboard */,
				49C0E3AF20128846008281D4 /* Info.plist */,
				49C0E3A720128846008281D4 /* Gomoku.xcdatamodeld */,
			);
			path = Gomoku;
			sourceTree = "<group>";
		};
		49C0E3B720128846008281D4 /* GomokuTests */ = {
			isa = PBXGroup;
			children = (
				49C0E3B820128846008281D4 /* GomokuTests.swift */,
				49C0E3BA20128846008281D4 /* Info.plist */,
			);
			path = GomokuTests;
			sourceTree = "<group>";
		};
		49C0E3C220128846008281D4 /* GomokuUITests */ = {
			isa = PBXGroup;
			children = (
				49C0E3C320128846008281D4 /* GomokuUITests.swift */,
				49C0E3C520128846008281D4 /* Info.plist */,
			);
			path = GomokuUITests;
			sourceTree = "<group>";
		};
/* End PBXGroup section */

/* Begin PBXNativeTarget section */
		49C0E39C20128846008281D4 /* Gomoku */ = {
			isa = PBXNativeTarget;
			buildConfigurationList = 49C0E3C820128846008281D4 /* Build configuration list for PBXNativeTarget "Gomoku" */;
			buildPhases = (
				49C0E39920128846008281D4 /* Sources */,
				49C0E39A20128846008281D4 /* Frameworks */,
				49C0E39B20128846008281D4 /* Resources */,
			);
			buildRules = (
			);
			dependencies = (
			);
			name = Gomoku;
			productName = Gomoku;
			productReference = 49C0E39D20128846008281D4 /* Gomoku.app */;
			productType = "com.apple.product-type.application";
		};
		49C0E3B320128846008281D4 /* GomokuTests */ = {
			isa = PBXNativeTarget;
			buildConfigurationList = 49C0E3CB20128846008281D4 /* Build configuration list for PBXNativeTarget "GomokuTests" */;
			buildPhases = (
				49C0E3B020128846008281D4 /* Sources */,
				49C0E3B120128846008281D4 /* Frameworks */,
				49C0E3B220128846008281D4 /* Resources */,
			);
			buildRules = (
			);
			dependencies = (
				49C0E3B620128846008281D4 /* PBXTargetDependency */,
			);
			name = GomokuTests;
			productName = GomokuTests;
			productReference = 49C0E3B420128846008281D4 /* GomokuTests.xctest */;
			productType = "com.apple.product-type.bundle.unit-test";
		};
		49C0E3BE20128846008281D4 /* GomokuUITests */ = {
			isa = PBXNativeTarget;
			buildConfigurationList = 49C0E3CE20128846008281D4 /* Build configuration list for PBXNativeTarget "GomokuUITests" */;
			buildPhases = (
				49C0E3BB20128846008281D4 /* Sources */,
				49C0E3BC20128846008281D4 /* Frameworks */,
				49C0E3BD20128846008281D4 /* Resources */,
			);
			buildRules = (
			);
			dependencies = (
				49C0E3C120128846008281D4 /* PBXTargetDependency */,
			);
			name = GomokuUITests;
			productName = GomokuUITests;
			productReference = 49C0E3BF20128846008281D4 /* GomokuUITests.xctest */;
			productType = "com.apple.product-type.bundle.ui-testing";
		};
/* End PBXNativeTarget section */

/* Begin PBXProject section */
		49C0E39520128846008281D4 /* Project object */ = {
			isa = PBXProject;
			attributes = {
				LastSwiftUpdateCheck = 0920;
				LastUpgradeCheck = 0920;
				ORGANIZATIONNAME = PlatformTwo;
				TargetAttributes = {
					49C0E39C20128846008281D4 = {
						CreatedOnToolsVersion = 9.2;
						ProvisioningStyle = Automatic;
					};
					49C0E3B320128846008281D4 = {
						CreatedOnToolsVersion = 9.2;
						ProvisioningStyle = Automatic;
						TestTargetID = 49C0E39C20128846008281D4;
					};
					49C0E3BE20128846008281D4 = {
						CreatedOnToolsVersion = 9.2;
						ProvisioningStyle = Automatic;
						TestTargetID = 49C0E39C20128846008281D4;
					};
				};
			};
			buildConfigurationList = 49C0E39820128846008281D4 /* Build configuration list for PBXProject "Gomoku" */;
			compatibilityVersion = "Xcode 8.0";
			developmentRegion = en;
			hasScannedForEncodings = 0;
			knownRegions = (
				en,
				Base,
			);
			mainGroup = 49C0E39420128846008281D4;
			productRefGroup = 49C0E39E20128846008281D4 /* Products */;
			projectDirPath = "";
			projectRoot = "";
			targets = (
				49C0E39C20128846008281D4 /* Gomoku */,
				49C0E3B320128846008281D4 /* GomokuTests */,
				49C0E3BE20128846008281D4 /* GomokuUITests */,
			);
		};
/* End PBXProject section */

/* Begin PBXResourcesBuildPhase section */
		49C0E39B20128846008281D4 /* Resources */ = {
			isa = PBXResourcesBuildPhase;
			buildActionMask = 2147483647;
			files = (
				49C0E3AE20128846008281D4 /* LaunchScreen.storyboard in Resources */,
				49C0E3AB20128846008281D4 /* Assets.xcassets in Resources */,
				49C0E3A620128846008281D4 /* Main.storyboard in Resources */,
			);
			runOnlyForDeploymentPostprocessing = 0;
		};
		49C0E3B220128846008281D4 /* Resources */ = {
			isa = PBXResourcesBuildPhase;
			buildActionMask = 2147483647;
			files = (
			);
			runOnlyForDeploymentPostprocessing = 0;
		};
		49C0E3BD20128846008281D4 /* Resources */ = {
			isa = PBXResourcesBuildPhase;
			buildActionMask = 2147483647;
			files = (
			);
			runOnlyForDeploymentPostprocessing = 0;
		};
/* End PBXResourcesBuildPhase section */

/* Begin PBXSourcesBuildPhase section */
		49C0E39920128846008281D4 /* Sources */ = {
			isa = PBXSourcesBuildPhase;
			buildActionMask = 2147483647;
			files = (
				49C0E3A320128846008281D4 /* ViewController.swift in Sources */,
				49C0E3A120128846008281D4 /* AppDelegate.swift in Sources */,
				49C0E3A920128846008281D4 /* Gomoku.xcdatamodeld in Sources */,
			);
			runOnlyForDeploymentPostprocessing = 0;
		};
		49C0E3B020128846008281D4 /* Sources */ = {
			isa = PBXSourcesBuildPhase;
			buildActionMask = 2147483647;
			files = (
				49C0E3B920128846008281D4 /* GomokuTests.swift in Sources */,
			);
			runOnlyForDeploymentPostprocessing = 0;
		};
		49C0E3BB20128846008281D4 /* Sources */ = {
			isa = PBXSourcesBuildPhase;
			buildActionMask = 2147483647;
			files = (
				49C0E3C420128846008281D4 /* GomokuUITests.swift in Sources */,
			);
			runOnlyForDeploymentPostprocessing = 0;
		};
/* End PBXSourcesBuildPhase section */

/* Begin PBXTargetDependency section */
		49C0E3B620128846008281D4 /* PBXTargetDependency */ = {
			isa = PBXTargetDependency;
			target = 49C0E39C20128846008281D4 /* Gomoku */;
			targetProxy = 49C0E3B520128846008281D4 /* PBXContainerItemProxy */;
		};
		49C0E3C120128846008281D4 /* PBXTargetDependency */ = {
			isa = PBXTargetDependency;
			target = 49C0E39C20128846008281D4 /* Gomoku */;
			targetProxy = 49C0E3C020128846008281D4 /* PBXContainerItemProxy */;
		};
/* End PBXTargetDependency section */

/* Begin PBXVariantGroup section */
		49C0E3A420128846008281D4 /* Main.storyboard */ = {
			isa = PBXVariantGroup;
			children = (
				49C0E3A520128846008281D4 /* Base */,
			);
			name = Main.storyboard;
			sourceTree = "<group>";
		};
		49C0E3AC20128846008281D4 /* LaunchScreen.storyboard */ = {
			isa = PBXVariantGroup;
			children = (
				49C0E3AD20128846008281D4 /* Base */,
			);
			name = LaunchScreen.storyboard;
			sourceTree = "<group>";
		};
/* End PBXVariantGroup section */

/* Begin XCBuildConfiguration section */
		49C0E3C620128846008281D4 /* Debug */ = {
			isa = XCBuildConfiguration;
			buildSettings = {
				ALWAYS_SEARCH_USER_PATHS = NO;
				CLANG_ANALYZER_NONNULL = YES;
				CLANG_ANALYZER_NUMBER_OBJECT_CONVERSION = YES_AGGRESSIVE;
				CLANG_CXX_LANGUAGE_STANDARD = "gnu++14";
				CLANG_CXX_LIBRARY = "libc++";
				CLANG_ENABLE_MODULES = YES;
				CLANG_ENABLE_OBJC_ARC = YES;
				CLANG_WARN_BLOCK_CAPTURE_AUTORELEASING = YES;
				CLANG_WARN_BOOL_CONVERSION = YES;
				CLANG_WARN_COMMA = YES;
				CLANG_WARN_CONSTANT_CONVERSION = YES;
				CLANG_WARN_DIRECT_OBJC_ISA_USAGE = YES_ERROR;
				CLANG_WARN_DOCUMENTATION_COMMENTS = YES;
				CLANG_WARN_EMPTY_BODY = YES;
				CLANG_WARN_ENUM_CONVERSION = YES;
				CLANG_WARN_INFINITE_RECURSION = YES;
				CLANG_WARN_INT_CONVERSION = YES;
				CLANG_WARN_NON_LITERAL_NULL_CONVERSION = YES;
				CLANG_WARN_OBJC_LITERAL_CONVERSION = YES;
				CLANG_WARN_OBJC_ROOT_CLASS = YES_ERROR;
				CLANG_WARN_RANGE_LOOP_ANALYSIS = YES;
				CLANG_WARN_STRICT_PROTOTYPES = YES;
				CLANG_WARN_SUSPICIOUS_MOVE = YES;
				CLANG_WARN_UNGUARDED_AVAILABILITY = YES_AGGRESSIVE;
				CLANG_WARN_UNREACHABLE_CODE = YES;
				CLANG_WARN__DUPLICATE_METHOD_MATCH = YES;
				CODE_SIGN_IDENTITY = "iPhone Developer";
				COPY_PHASE_STRIP = NO;
				DEBUG_INFORMATION_FORMAT = dwarf;
				ENABLE_STRICT_OBJC_MSGSEND = YES;
				ENABLE_TESTABILITY = YES;
				GCC_C_LANGUAGE_STANDARD = gnu11;
				GCC_DYNAMIC_NO_PIC = NO;
				GCC_NO_COMMON_BLOCKS = YES;
				GCC_OPTIMIZATION_LEVEL = 0;
				GCC_PREPROCESSOR_DEFINITIONS = (
					"DEBUG=1",
					"$(inherited)",
				);
				GCC_WARN_64_TO_32_BIT_CONVERSION = YES;
				GCC_WARN_ABOUT_RETURN_TYPE = YES_ERROR;
				GCC_WARN_UNDECLARED_SELECTOR = YES;
				GCC_WARN_UNINITIALIZED_AUTOS = YES_AGGRESSIVE;
				GCC_WARN_UNUSED_FUNCTION = YES;
				GCC_WARN_UNUSED_VARIABLE = YES;
				IPHONEOS_DEPLOYMENT_TARGET = 11.2;
				MTL_ENABLE_DEBUG_INFO = YES;
				ONLY_ACTIVE_ARCH = YES;
				SDKROOT = iphoneos;
				SWIFT_ACTIVE_COMPILATION_CONDITIONS = DEBUG;
				SWIFT_OPTIMIZATION_LEVEL = "-Onone";
			};
			name = Debug;
		};
		49C0E3C720128846008281D4 /* Release */ = {
			isa = XCBuildConfiguration;
			buildSettings = {
				ALWAYS_SEARCH_USER_PATHS = NO;
				CLANG_ANALYZER_NONNULL = YES;
				CLANG_ANALYZER_NUMBER_OBJECT_CONVERSION = YES_AGGRESSIVE;
				CLANG_CXX_LANGUAGE_STANDARD = "gnu++14";
				CLANG_CXX_LIBRARY = "libc++";
				CLANG_ENABLE_MODULES = YES;
				CLANG_ENABLE_OBJC_ARC = YES;
				CLANG_WARN_BLOCK_CAPTURE_AUTORELEASING = YES;
				CLANG_WARN_BOOL_CONVERSION = YES;
				CLANG_WARN_COMMA = YES;
				CLANG_WARN_CONSTANT_CONVERSION = YES;
				CLANG_WARN_DIRECT_OBJC_ISA_USAGE = YES_ERROR;
				CLANG_WARN_DOCUMENTATION_COMMENTS = YES;
				CLANG_WARN_EMPTY_BODY = YES;
				CLANG_WARN_ENUM_CONVERSION = YES;
				CLANG_WARN_INFINITE_RECURSION = YES;
				CLANG_WARN_INT_CONVERSION = YES;
				CLANG_WARN_NON_LITERAL_NULL_CONVERSION = YES;
				CLANG_WARN_OBJC_LITERAL_CONVERSION = YES;
				CLANG_WARN_OBJC_ROOT_CLASS = YES_ERROR;
				CLANG_WARN_RANGE_LOOP_ANALYSIS = YES;
				CLANG_WARN_STRICT_PROTOTYPES = YES;
				CLANG_WARN_SUSPICIOUS_MOVE = YES;
				CLANG_WARN_UNGUARDED_AVAILABILITY = YES_AGGRESSIVE;
				CLANG_WARN_UNREACHABLE_CODE = YES;
				CLANG_WARN__DUPLICATE_METHOD_MATCH = YES;
				CODE_SIGN_IDENTITY = "iPhone Developer";
				COPY_PHASE_STRIP = NO;
				DEBUG_INFORMATION_FORMAT = "dwarf-with-dsym";
				ENABLE_NS_ASSERTIONS = NO;
				ENABLE_STRICT_OBJC_MSGSEND = YES;
				GCC_C_LANGUAGE_STANDARD = gnu11;
				GCC_NO_COMMON_BLOCKS = YES;
				GCC_WARN_64_TO_32_BIT_CONVERSION = YES;
				GCC_WARN_ABOUT_RETURN_TYPE = YES_ERROR;
				GCC_WARN_UNDECLARED_SELECTOR = YES;
				GCC_WARN_UNINITIALIZED_AUTOS = YES_AGGRESSIVE;
				GCC_WARN_UNUSED_FUNCTION = YES;
				GCC_WARN_UNUSED_VARIABLE = YES;
				IPHONEOS_DEPLOYMENT_TARGET = 11.2;
				MTL_ENABLE_DEBUG_INFO = NO;
				SDKROOT = iphoneos;
				SWIFT_OPTIMIZATION_LEVEL = "-Owholemodule";
				VALIDATE_PRODUCT = YES;
			};
			name = Release;
		};
		49C0E3C920128846008281D4 /* Debug */ = {
			isa = XCBuildConfiguration;
			buildSettings = {
				ASSETCATALOG_COMPILER_APPICON_NAME = AppIcon;
				CODE_SIGN_STYLE = Automatic;
				INFOPLIST_FILE = Gomoku/Info.plist;
				LD_RUNPATH_SEARCH_PATHS = "$(inherited) @executable_path/Frameworks";
				PRODUCT_BUNDLE_IDENTIFIER = PlatformTwo.Gomoku;
				PRODUCT_NAME = "$(TARGET_NAME)";
				SWIFT_VERSION = 4.0;
				TARGETED_DEVICE_FAMILY = "1,2";
			};
			name = Debug;
		};
		49C0E3CA20128846008281D4 /* Release */ = {
			isa = XCBuildConfiguration;
			buildSettings = {
				ASSETCATALOG_COMPILER_APPICON_NAME = AppIcon;
				CODE_SIGN_STYLE = Automatic;
				INFOPLIST_FILE = Gomoku/Info.plist;
				LD_RUNPATH_SEARCH_PATHS = "$(inherited) @executable_path/Frameworks";
				PRODUCT_BUNDLE_IDENTIFIER = PlatformTwo.Gomoku;
				PRODUCT_NAME = "$(TARGET_NAME)";
				SWIFT_VERSION = 4.0;
				TARGETED_DEVICE_FAMILY = "1,2";
			};
			name = Release;
		};
		49C0E3CC20128846008281D4 /* Debug */ = {
			isa = XCBuildConfiguration;
			buildSettings = {
				ALWAYS_EMBED_SWIFT_STANDARD_LIBRARIES = YES;
				BUNDLE_LOADER = "$(TEST_HOST)";
				CODE_SIGN_STYLE = Automatic;
				INFOPLIST_FILE = GomokuTests/Info.plist;
				LD_RUNPATH_SEARCH_PATHS = "$(inherited) @executable_path/Frameworks @loader_path/Frameworks";
				PRODUCT_BUNDLE_IDENTIFIER = PlatformTwo.GomokuTests;
				PRODUCT_NAME = "$(TARGET_NAME)";
				SWIFT_VERSION = 4.0;
				TARGETED_DEVICE_FAMILY = "1,2";
				TEST_HOST = "$(BUILT_PRODUCTS_DIR)/Gomoku.app/Gomoku";
			};
			name = Debug;
		};
		49C0E3CD20128846008281D4 /* Release */ = {
			isa = XCBuildConfiguration;
			buildSettings = {
				ALWAYS_EMBED_SWIFT_STANDARD_LIBRARIES = YES;
				BUNDLE_LOADER = "$(TEST_HOST)";
				CODE_SIGN_STYLE = Automatic;
				INFOPLIST_FILE = GomokuTests/Info.plist;
				LD_RUNPATH_SEARCH_PATHS = "$(inherited) @executable_path/Frameworks @loader_path/Frameworks";
				PRODUCT_BUNDLE_IDENTIFIER = PlatformTwo.GomokuTests;
				PRODUCT_NAME = "$(TARGET_NAME)";
				SWIFT_VERSION = 4.0;
				TARGETED_DEVICE_FAMILY = "1,2";
				TEST_HOST = "$(BUILT_PRODUCTS_DIR)/Gomoku.app/Gomoku";
			};
			name = Release;
		};
		49C0E3CF20128846008281D4 /* Debug */ = {
			isa = XCBuildConfiguration;
			buildSettings = {
				ALWAYS_EMBED_SWIFT_STANDARD_LIBRARIES = YES;
				CODE_SIGN_STYLE = Automatic;
				INFOPLIST_FILE = GomokuUITests/Info.plist;
				LD_RUNPATH_SEARCH_PATHS = "$(inherited) @executable_path/Frameworks @loader_path/Frameworks";
				PRODUCT_BUNDLE_IDENTIFIER = PlatformTwo.GomokuUITests;
				PRODUCT_NAME = "$(TARGET_NAME)";
				SWIFT_VERSION = 4.0;
				TARGETED_DEVICE_FAMILY = "1,2";
				TEST_TARGET_NAME = Gomoku;
			};
			name = Debug;
		};
		49C0E3D020128846008281D4 /* Release */ = {
			isa = XCBuildConfiguration;
			buildSettings = {
				ALWAYS_EMBED_SWIFT_STANDARD_LIBRARIES = YES;
				CODE_SIGN_STYLE = Automatic;
				INFOPLIST_FILE = GomokuUITests/Info.plist;
				LD_RUNPATH_SEARCH_PATHS = "$(inherited) @executable_path/Frameworks @loader_path/Frameworks";
				PRODUCT_BUNDLE_IDENTIFIER = PlatformTwo.GomokuUITests;
				PRODUCT_NAME = "$(TARGET_NAME)";
				SWIFT_VERSION = 4.0;
				TARGETED_DEVICE_FAMILY = "1,2";
				TEST_TARGET_NAME = Gomoku;
			};
			name = Release;
		};
/* End XCBuildConfiguration section */

/* Begin XCConfigurationList section */
		49C0E39820128846008281D4 /* Build configuration list for PBXProject "Gomoku" */ = {
			isa = XCConfigurationList;
			buildConfigurations = (
				49C0E3C620128846008281D4 /* Debug */,
				49C0E3C720128846008281D4 /* Release */,
			);
			defaultConfigurationIsVisible = 0;
			defaultConfigurationName = Release;
		};
		49C0E3C820128846008281D4 /* Build configuration list for PBXNativeTarget "Gomoku" */ = {
			isa = XCConfigurationList;
			buildConfigurations = (
				49C0E3C920128846008281D4 /* Debug */,
				49C0E3CA20128846008281D4 /* Release */,
			);
			defaultConfigurationIsVisible = 0;
			defaultConfigurationName = Release;
		};
		49C0E3CB20128846008281D4 /* Build configuration list for PBXNativeTarget "GomokuTests" */ = {
			isa = XCConfigurationList;
			buildConfigurations = (
				49C0E3CC20128846008281D4 /* Debug */,
				49C0E3CD20128846008281D4 /* Release */,
			);
			defaultConfigurationIsVisible = 0;
			defaultConfigurationName = Release;
		};
		49C0E3CE20128846008281D4 /* Build configuration list for PBXNativeTarget "GomokuUITests" */ = {
			isa = XCConfigurationList;
			buildConfigurations = (
				49C0E3CF20128846008281D4 /* Debug */,
				49C0E3D020128846008281D4 /* Release */,
			);
			defaultConfigurationIsVisible = 0;
			defaultConfigurationName = Release;
		};
/* End XCConfigurationList section */

/* Begin XCVersionGroup section */
		49C0E3A720128846008281D4 /* Gomoku.xcdatamodeld */ = {
			isa = XCVersionGroup;
			children = (
				49C0E3A820128846008281D4 /* Gomoku.xcdatamodel */,
			);
			currentVersion = 49C0E3A820128846008281D4 /* Gomoku.xcdatamodel */;
			path = Gomoku.xcdatamodeld;
			sourceTree = "<group>";
			versionGroupType = wrapper.xcdatamodel;
		};
/* End XCVersionGroup section */
	};
	rootObject = 49C0E39520128846008281D4 /* Project object */;
}
